
Microsoft Visual Studio Solution File, Format Version 12.00
# Visual Studio Version 17
VisualStudioVersion = 17.5.002.0
MinimumVisualStudioVersion = 10.0.40219.1
Project("{9A19103F-16F7-4668-BE54-9A1E7A4F7556}") = "Atividade.NET", "Atividade.NET.csproj", "{1549C79B-B2B3-447D-A676-F56D6559994C}"
EndProject
Global
	GlobalSection(SolutionConfigurationPlatforms) = preSolution
		Debug|Any CPU = Debug|Any CPU
		Release|Any CPU = Release|Any CPU
	EndGlobalSection
	GlobalSection(ProjectConfigurationPlatforms) = postSolution
		{1549C79B-B2B3-447D-A676-F56D6559994C}.Debug|Any CPU.ActiveCfg = Debug|Any CPU
		{1549C79B-B2B3-447D-A676-F56D6559994C}.Debug|Any CPU.Build.0 = Debug|Any CPU
		{1549C79B-B2B3-447D-A676-F56D6559994C}.Release|Any CPU.ActiveCfg = Release|Any CPU
		{1549C79B-B2B3-447D-A676-F56D6559994C}.Release|Any CPU.Build.0 = Release|Any CPU
	EndGlobalSection
	GlobalSection(SolutionProperties) = preSolution
		HideSolutionNode = FALSE
	EndGlobalSection
	GlobalSection(ExtensibilityGlobals) = postSolution
		SolutionGuid = {02921B41-3E6A-4C01-A3A1-862AA6F441FA}
	EndGlobalSection
EndGlobal
